// !$*UTF8*$!
{
	archiveVersion = 1;
	classes = {
	};
	objectVersion = 56;
	objects = {

/* Begin PBXBuildFile section */
		3181D4ED2A2FB73B00A7BE74 /* WriterArticleContentView.swift in Sources */ = {isa = PBXBuildFile; fileRef = 3181D4EC2A2FB73B00A7BE74 /* WriterArticleContentView.swift */; };
		31E5C9482A266A1B00011406 /* SavedArticlesView.swift in Sources */ = {isa = PBXBuildFile; fileRef = 31E5C9472A266A1B00011406 /* SavedArticlesView.swift */; };
		31E5C94B2A27919100011406 /* Kingfisher in Frameworks */ = {isa = PBXBuildFile; productRef = 31E5C94A2A27919100011406 /* Kingfisher */; };
		31E5C94D2A2D37AF00011406 /* AdminStartView.swift in Sources */ = {isa = PBXBuildFile; fileRef = 31E5C94C2A2D37AF00011406 /* AdminStartView.swift */; };
		31E5C94F2A2D3D3300011406 /* AdminDeleteArticles.swift in Sources */ = {isa = PBXBuildFile; fileRef = 31E5C94E2A2D3D3300011406 /* AdminDeleteArticles.swift */; };
		3309C22B2A23D0100036B1C6 /* FirebaseStorage in Frameworks */ = {isa = PBXBuildFile; productRef = 3309C22A2A23D0100036B1C6 /* FirebaseStorage */; };
		332B2AA92A2A04350010357F /* LoginView.swift in Sources */ = {isa = PBXBuildFile; fileRef = CB6953042A1BDC5C003D494C /* LoginView.swift */; };
		3334D8062A276D0200871FB3 /* ArticleImageViewModel.swift in Sources */ = {isa = PBXBuildFile; fileRef = 3334D8052A276D0200871FB3 /* ArticleImageViewModel.swift */; };
		3334D8082A276D2600871FB3 /* ArticleImageView.swift in Sources */ = {isa = PBXBuildFile; fileRef = 3334D8072A276D2600871FB3 /* ArticleImageView.swift */; };
		338283E12A2771A7002F4462 /* ImagePickerModel.swift in Sources */ = {isa = PBXBuildFile; fileRef = 338283E02A2771A7002F4462 /* ImagePickerModel.swift */; };
		338283E32A277710002F4462 /* Kingfisher in Frameworks */ = {isa = PBXBuildFile; productRef = 338283E22A277710002F4462 /* Kingfisher */; };
		5C0FCE272A29AAB8008B1B04 /* ReminderView.swift in Sources */ = {isa = PBXBuildFile; fileRef = 5C0FCE262A29AAB7008B1B04 /* ReminderView.swift */; };
		5C64124A2A1E1E3000DFCB62 /* SportsView.swift in Sources */ = {isa = PBXBuildFile; fileRef = 5C6412492A1E1E3000DFCB62 /* SportsView.swift */; };
		5C64124C2A1E1E6200DFCB62 /* ForeignView.swift in Sources */ = {isa = PBXBuildFile; fileRef = 5C64124B2A1E1E6200DFCB62 /* ForeignView.swift */; };
		5C64124E2A1E1E7900DFCB62 /* AmusementView.swift in Sources */ = {isa = PBXBuildFile; fileRef = 5C64124D2A1E1E7900DFCB62 /* AmusementView.swift */; };
		5C6412502A1E1EEC00DFCB62 /* AmusementViewModel.swift in Sources */ = {isa = PBXBuildFile; fileRef = 5C64124F2A1E1EEC00DFCB62 /* AmusementViewModel.swift */; };
		5C6412522A1E1F5800DFCB62 /* ForeignViewModel.swift in Sources */ = {isa = PBXBuildFile; fileRef = 5C6412512A1E1F5800DFCB62 /* ForeignViewModel.swift */; };
		5C6412542A1E1F9E00DFCB62 /* SportsViewModel.swift in Sources */ = {isa = PBXBuildFile; fileRef = 5C6412532A1E1F9E00DFCB62 /* SportsViewModel.swift */; };
		5C90CC242A28B927006E34B4 /* ProfileView.swift in Sources */ = {isa = PBXBuildFile; fileRef = 5C90CC232A28B927006E34B4 /* ProfileView.swift */; };
		5C90CC262A28BA8D006E34B4 /* MyArticlesView.swift in Sources */ = {isa = PBXBuildFile; fileRef = 5C90CC252A28BA8D006E34B4 /* MyArticlesView.swift */; };
		5C90CC282A28BAC8006E34B4 /* MyFavouriteArticlesView.swift in Sources */ = {isa = PBXBuildFile; fileRef = 5C90CC272A28BAC8006E34B4 /* MyFavouriteArticlesView.swift */; };
		5C90CC2A2A28BAEF006E34B4 /* MyFavouriteAuthorsView.swift in Sources */ = {isa = PBXBuildFile; fileRef = 5C90CC292A28BAEF006E34B4 /* MyFavouriteAuthorsView.swift */; };
		5C90CC2C2A28BCF1006E34B4 /* MyArticlesViewModel.swift in Sources */ = {isa = PBXBuildFile; fileRef = 5C90CC2B2A28BCF1006E34B4 /* MyArticlesViewModel.swift */; };
		5C90CC2E2A28C722006E34B4 /* MyFavouriteAuthorsViewModel.swift in Sources */ = {isa = PBXBuildFile; fileRef = 5C90CC2D2A28C722006E34B4 /* MyFavouriteAuthorsViewModel.swift */; };
		5C90CC322A28CBDA006E34B4 /* MyFavouriteArticlesViewModel.swift in Sources */ = {isa = PBXBuildFile; fileRef = 5C90CC312A28CBDA006E34B4 /* MyFavouriteArticlesViewModel.swift */; };
		7772FAB12A1FAA41000EC50D /* Category.swift in Sources */ = {isa = PBXBuildFile; fileRef = 7772FAB02A1FAA41000EC50D /* Category.swift */; };
		77FCAE572A2805A000852912 /* WriterArticlesView.swift in Sources */ = {isa = PBXBuildFile; fileRef = 77FCAE562A2805A000852912 /* WriterArticlesView.swift */; };
		77FCAE592A28065000852912 /* WriterArticlesViewModel.swift in Sources */ = {isa = PBXBuildFile; fileRef = 77FCAE582A28065000852912 /* WriterArticlesViewModel.swift */; };
		CB6952BF2A1BD9E3003D494C /* NewsCatchApp.swift in Sources */ = {isa = PBXBuildFile; fileRef = CB6952BE2A1BD9E3003D494C /* NewsCatchApp.swift */; };
		CB6952C12A1BD9E3003D494C /* ContentView.swift in Sources */ = {isa = PBXBuildFile; fileRef = CB6952C02A1BD9E3003D494C /* ContentView.swift */; };
		CB6952C32A1BD9E4003D494C /* Assets.xcassets in Resources */ = {isa = PBXBuildFile; fileRef = CB6952C22A1BD9E4003D494C /* Assets.xcassets */; };
		CB6952C62A1BD9E4003D494C /* Preview Assets.xcassets in Resources */ = {isa = PBXBuildFile; fileRef = CB6952C52A1BD9E4003D494C /* Preview Assets.xcassets */; };
		CB6952D02A1BD9E4003D494C /* NewsCatchTests.swift in Sources */ = {isa = PBXBuildFile; fileRef = CB6952CF2A1BD9E4003D494C /* NewsCatchTests.swift */; };
		CB6952DA2A1BD9E4003D494C /* NewsCatchUITests.swift in Sources */ = {isa = PBXBuildFile; fileRef = CB6952D92A1BD9E4003D494C /* NewsCatchUITests.swift */; };
		CB6952DC2A1BD9E4003D494C /* NewsCatchUITestsLaunchTests.swift in Sources */ = {isa = PBXBuildFile; fileRef = CB6952DB2A1BD9E4003D494C /* NewsCatchUITestsLaunchTests.swift */; };
		CB6952ED2A1BDA68003D494C /* User.swift in Sources */ = {isa = PBXBuildFile; fileRef = CB6952EC2A1BDA68003D494C /* User.swift */; };
		CB6952EF2A1BDA81003D494C /* Article.swift in Sources */ = {isa = PBXBuildFile; fileRef = CB6952EE2A1BDA81003D494C /* Article.swift */; };
		CB6952F12A1BDAA4003D494C /* ArticleLists.swift in Sources */ = {isa = PBXBuildFile; fileRef = CB6952F02A1BDAA4003D494C /* ArticleLists.swift */; };
		CB6952F32A1BDADE003D494C /* Location.swift in Sources */ = {isa = PBXBuildFile; fileRef = CB6952F22A1BDADE003D494C /* Location.swift */; };
		CB6952F62A1BDB1D003D494C /* LoginViewModel.swift in Sources */ = {isa = PBXBuildFile; fileRef = CB6952F52A1BDB1D003D494C /* LoginViewModel.swift */; };
		CB6952F82A1BDB3E003D494C /* RegisterViewModel.swift in Sources */ = {isa = PBXBuildFile; fileRef = CB6952F72A1BDB3E003D494C /* RegisterViewModel.swift */; };
		CB6952FA2A1BDB62003D494C /* ContentViewModel.swift in Sources */ = {isa = PBXBuildFile; fileRef = CB6952F92A1BDB62003D494C /* ContentViewModel.swift */; };
		CB6952FC2A1BDB8B003D494C /* NewsFeedViewModel.swift in Sources */ = {isa = PBXBuildFile; fileRef = CB6952FB2A1BDB8B003D494C /* NewsFeedViewModel.swift */; };
		CB6952FE2A1BDBA7003D494C /* ArticleViewModel.swift in Sources */ = {isa = PBXBuildFile; fileRef = CB6952FD2A1BDBA7003D494C /* ArticleViewModel.swift */; };
		CB6953002A1BDBE8003D494C /* AddArticleViewModel.swift in Sources */ = {isa = PBXBuildFile; fileRef = CB6952FF2A1BDBE8003D494C /* AddArticleViewModel.swift */; };
		CB6953022A1BDC06003D494C /* MapViewModel.swift in Sources */ = {isa = PBXBuildFile; fileRef = CB6953012A1BDC06003D494C /* MapViewModel.swift */; };
		CB69530B2A1BDCCE003D494C /* NewsFeedView.swift in Sources */ = {isa = PBXBuildFile; fileRef = CB69530A2A1BDCCE003D494C /* NewsFeedView.swift */; };
		CB69530D2A1BDCF0003D494C /* ArticleView.swift in Sources */ = {isa = PBXBuildFile; fileRef = CB69530C2A1BDCF0003D494C /* ArticleView.swift */; };
		CB69530F2A1BDD10003D494C /* AddArticleView.swift in Sources */ = {isa = PBXBuildFile; fileRef = CB69530E2A1BDD10003D494C /* AddArticleView.swift */; };
		CB6953112A1BDD29003D494C /* AdminView.swift in Sources */ = {isa = PBXBuildFile; fileRef = CB6953102A1BDD29003D494C /* AdminView.swift */; };
		CB6953132A1BDD48003D494C /* MapView.swift in Sources */ = {isa = PBXBuildFile; fileRef = CB6953122A1BDD48003D494C /* MapView.swift */; };
		CB6953162A1BDD8F003D494C /* NAButton.swift in Sources */ = {isa = PBXBuildFile; fileRef = CB6953152A1BDD8F003D494C /* NAButton.swift */; };
		CB7AAA222A1BDEF40003CB48 /* Extensions.swift in Sources */ = {isa = PBXBuildFile; fileRef = CB7AAA212A1BDEF40003CB48 /* Extensions.swift */; };
		CB7AAA262A1BE3950003CB48 /* FirebaseAuth in Frameworks */ = {isa = PBXBuildFile; productRef = CB7AAA252A1BE3950003CB48 /* FirebaseAuth */; };
		CB7AAA282A1BE3950003CB48 /* FirebaseFirestore in Frameworks */ = {isa = PBXBuildFile; productRef = CB7AAA272A1BE3950003CB48 /* FirebaseFirestore */; };
		CB7AAA2A2A1BE3950003CB48 /* FirebaseFirestoreSwift in Frameworks */ = {isa = PBXBuildFile; productRef = CB7AAA292A1BE3950003CB48 /* FirebaseFirestoreSwift */; };
		CBE65EDF2A1E15FE003570E1 /* RegisterView.swift in Sources */ = {isa = PBXBuildFile; fileRef = CBE65EDE2A1E15FE003570E1 /* RegisterView.swift */; };
		CBE65EE32A1E190E003570E1 /* GoogleService-Info.plist in Resources */ = {isa = PBXBuildFile; fileRef = CBE65EE22A1E190E003570E1 /* GoogleService-Info.plist */; };
		CBE65EEA2A24EB5C003570E1 /* AoboshiOne-Regular.ttf in Resources */ = {isa = PBXBuildFile; fileRef = CBE65EE92A24E9F7003570E1 /* AoboshiOne-Regular.ttf */; };
		CBE65EEC2A24ECB5003570E1 /* Font-heading.ttf in Resources */ = {isa = PBXBuildFile; fileRef = CBE65EE82A24E92A003570E1 /* Font-heading.ttf */; };
		CBE65EEE2A24EE24003570E1 /* BebasNeue-Regular.ttf in Resources */ = {isa = PBXBuildFile; fileRef = CBE65EED2A24EDD8003570E1 /* BebasNeue-Regular.ttf */; };
		CBE65EF02A24EEDA003570E1 /* CrimsonText-Regular.ttf in Resources */ = {isa = PBXBuildFile; fileRef = CBE65EEF2A24EECF003570E1 /* CrimsonText-Regular.ttf */; };
		CBE65EF52A288A86003570E1 /* AbrilFatface-Regular.ttf in Resources */ = {isa = PBXBuildFile; fileRef = CBE65EF42A288A67003570E1 /* AbrilFatface-Regular.ttf */; };
		CBE65EF72A289829003570E1 /* DMSerifDisplay-Regular.ttf in Resources */ = {isa = PBXBuildFile; fileRef = CBE65EF62A289820003570E1 /* DMSerifDisplay-Regular.ttf */; };
/* End PBXBuildFile section */

/* Begin PBXContainerItemProxy section */
		CB6952CC2A1BD9E4003D494C /* PBXContainerItemProxy */ = {
			isa = PBXContainerItemProxy;
			containerPortal = CB6952B32A1BD9E3003D494C /* Project object */;
			proxyType = 1;
			remoteGlobalIDString = CB6952BA2A1BD9E3003D494C;
			remoteInfo = NewsCatch;
		};
		CB6952D62A1BD9E4003D494C /* PBXContainerItemProxy */ = {
			isa = PBXContainerItemProxy;
			containerPortal = CB6952B32A1BD9E3003D494C /* Project object */;
			proxyType = 1;
			remoteGlobalIDString = CB6952BA2A1BD9E3003D494C;
			remoteInfo = NewsCatch;
		};
/* End PBXContainerItemProxy section */

/* Begin PBXFileReference section */
		3181D4EC2A2FB73B00A7BE74 /* WriterArticleContentView.swift */ = {isa = PBXFileReference; lastKnownFileType = sourcecode.swift; path = WriterArticleContentView.swift; sourceTree = "<group>"; };
		31E5C9472A266A1B00011406 /* SavedArticlesView.swift */ = {isa = PBXFileReference; lastKnownFileType = sourcecode.swift; path = SavedArticlesView.swift; sourceTree = "<group>"; };
		31E5C94C2A2D37AF00011406 /* AdminStartView.swift */ = {isa = PBXFileReference; lastKnownFileType = sourcecode.swift; path = AdminStartView.swift; sourceTree = "<group>"; };
		31E5C94E2A2D3D3300011406 /* AdminDeleteArticles.swift */ = {isa = PBXFileReference; lastKnownFileType = sourcecode.swift; path = AdminDeleteArticles.swift; sourceTree = "<group>"; };
		3334D8052A276D0200871FB3 /* ArticleImageViewModel.swift */ = {isa = PBXFileReference; lastKnownFileType = sourcecode.swift; path = ArticleImageViewModel.swift; sourceTree = "<group>"; };
		3334D8072A276D2600871FB3 /* ArticleImageView.swift */ = {isa = PBXFileReference; lastKnownFileType = sourcecode.swift; path = ArticleImageView.swift; sourceTree = "<group>"; };
		3334D8092A276D9600871FB3 /* Kingfisher-master */ = {isa = PBXFileReference; lastKnownFileType = wrapper; name = "Kingfisher-master"; path = "../../Downloads/Kingfisher-master"; sourceTree = "<group>"; };
		338283E02A2771A7002F4462 /* ImagePickerModel.swift */ = {isa = PBXFileReference; lastKnownFileType = sourcecode.swift; path = ImagePickerModel.swift; sourceTree = "<group>"; };
		5C0FCE262A29AAB7008B1B04 /* ReminderView.swift */ = {isa = PBXFileReference; lastKnownFileType = sourcecode.swift; path = ReminderView.swift; sourceTree = "<group>"; };
		5C6412492A1E1E3000DFCB62 /* SportsView.swift */ = {isa = PBXFileReference; lastKnownFileType = sourcecode.swift; path = SportsView.swift; sourceTree = "<group>"; };
		5C64124B2A1E1E6200DFCB62 /* ForeignView.swift */ = {isa = PBXFileReference; lastKnownFileType = sourcecode.swift; path = ForeignView.swift; sourceTree = "<group>"; };
		5C64124D2A1E1E7900DFCB62 /* AmusementView.swift */ = {isa = PBXFileReference; lastKnownFileType = sourcecode.swift; path = AmusementView.swift; sourceTree = "<group>"; };
		5C64124F2A1E1EEC00DFCB62 /* AmusementViewModel.swift */ = {isa = PBXFileReference; lastKnownFileType = sourcecode.swift; path = AmusementViewModel.swift; sourceTree = "<group>"; };
		5C6412512A1E1F5800DFCB62 /* ForeignViewModel.swift */ = {isa = PBXFileReference; lastKnownFileType = sourcecode.swift; path = ForeignViewModel.swift; sourceTree = "<group>"; };
		5C6412532A1E1F9E00DFCB62 /* SportsViewModel.swift */ = {isa = PBXFileReference; lastKnownFileType = sourcecode.swift; path = SportsViewModel.swift; sourceTree = "<group>"; };
		5C90CC232A28B927006E34B4 /* ProfileView.swift */ = {isa = PBXFileReference; lastKnownFileType = sourcecode.swift; path = ProfileView.swift; sourceTree = "<group>"; };
		5C90CC252A28BA8D006E34B4 /* MyArticlesView.swift */ = {isa = PBXFileReference; lastKnownFileType = sourcecode.swift; path = MyArticlesView.swift; sourceTree = "<group>"; };
		5C90CC272A28BAC8006E34B4 /* MyFavouriteArticlesView.swift */ = {isa = PBXFileReference; lastKnownFileType = sourcecode.swift; path = MyFavouriteArticlesView.swift; sourceTree = "<group>"; };
		5C90CC292A28BAEF006E34B4 /* MyFavouriteAuthorsView.swift */ = {isa = PBXFileReference; lastKnownFileType = sourcecode.swift; path = MyFavouriteAuthorsView.swift; sourceTree = "<group>"; };
		5C90CC2B2A28BCF1006E34B4 /* MyArticlesViewModel.swift */ = {isa = PBXFileReference; lastKnownFileType = sourcecode.swift; path = MyArticlesViewModel.swift; sourceTree = "<group>"; };
		5C90CC2D2A28C722006E34B4 /* MyFavouriteAuthorsViewModel.swift */ = {isa = PBXFileReference; lastKnownFileType = sourcecode.swift; path = MyFavouriteAuthorsViewModel.swift; sourceTree = "<group>"; };
		5C90CC312A28CBDA006E34B4 /* MyFavouriteArticlesViewModel.swift */ = {isa = PBXFileReference; lastKnownFileType = sourcecode.swift; path = MyFavouriteArticlesViewModel.swift; sourceTree = "<group>"; };
		7772FAB02A1FAA41000EC50D /* Category.swift */ = {isa = PBXFileReference; lastKnownFileType = sourcecode.swift; path = Category.swift; sourceTree = "<group>"; };
		77FCAE562A2805A000852912 /* WriterArticlesView.swift */ = {isa = PBXFileReference; lastKnownFileType = sourcecode.swift; path = WriterArticlesView.swift; sourceTree = "<group>"; };
		77FCAE582A28065000852912 /* WriterArticlesViewModel.swift */ = {isa = PBXFileReference; lastKnownFileType = sourcecode.swift; path = WriterArticlesViewModel.swift; sourceTree = "<group>"; };
		CB6952BB2A1BD9E3003D494C /* NewsCatch.app */ = {isa = PBXFileReference; explicitFileType = wrapper.application; includeInIndex = 0; path = NewsCatch.app; sourceTree = BUILT_PRODUCTS_DIR; };
		CB6952BE2A1BD9E3003D494C /* NewsCatchApp.swift */ = {isa = PBXFileReference; lastKnownFileType = sourcecode.swift; path = NewsCatchApp.swift; sourceTree = "<group>"; };
		CB6952C02A1BD9E3003D494C /* ContentView.swift */ = {isa = PBXFileReference; lastKnownFileType = sourcecode.swift; path = ContentView.swift; sourceTree = "<group>"; };
		CB6952C22A1BD9E4003D494C /* Assets.xcassets */ = {isa = PBXFileReference; lastKnownFileType = folder.assetcatalog; path = Assets.xcassets; sourceTree = "<group>"; };
		CB6952C52A1BD9E4003D494C /* Preview Assets.xcassets */ = {isa = PBXFileReference; lastKnownFileType = folder.assetcatalog; path = "Preview Assets.xcassets"; sourceTree = "<group>"; };
		CB6952CB2A1BD9E4003D494C /* NewsCatchTests.xctest */ = {isa = PBXFileReference; explicitFileType = wrapper.cfbundle; includeInIndex = 0; path = NewsCatchTests.xctest; sourceTree = BUILT_PRODUCTS_DIR; };
		CB6952CF2A1BD9E4003D494C /* NewsCatchTests.swift */ = {isa = PBXFileReference; lastKnownFileType = sourcecode.swift; path = NewsCatchTests.swift; sourceTree = "<group>"; };
		CB6952D52A1BD9E4003D494C /* NewsCatchUITests.xctest */ = {isa = PBXFileReference; explicitFileType = wrapper.cfbundle; includeInIndex = 0; path = NewsCatchUITests.xctest; sourceTree = BUILT_PRODUCTS_DIR; };
		CB6952D92A1BD9E4003D494C /* NewsCatchUITests.swift */ = {isa = PBXFileReference; lastKnownFileType = sourcecode.swift; path = NewsCatchUITests.swift; sourceTree = "<group>"; };
		CB6952DB2A1BD9E4003D494C /* NewsCatchUITestsLaunchTests.swift */ = {isa = PBXFileReference; lastKnownFileType = sourcecode.swift; path = NewsCatchUITestsLaunchTests.swift; sourceTree = "<group>"; };
		CB6952EC2A1BDA68003D494C /* User.swift */ = {isa = PBXFileReference; lastKnownFileType = sourcecode.swift; path = User.swift; sourceTree = "<group>"; };
		CB6952EE2A1BDA81003D494C /* Article.swift */ = {isa = PBXFileReference; lastKnownFileType = sourcecode.swift; path = Article.swift; sourceTree = "<group>"; };
		CB6952F02A1BDAA4003D494C /* ArticleLists.swift */ = {isa = PBXFileReference; lastKnownFileType = sourcecode.swift; path = ArticleLists.swift; sourceTree = "<group>"; };
		CB6952F22A1BDADE003D494C /* Location.swift */ = {isa = PBXFileReference; lastKnownFileType = sourcecode.swift; path = Location.swift; sourceTree = "<group>"; };
		CB6952F52A1BDB1D003D494C /* LoginViewModel.swift */ = {isa = PBXFileReference; lastKnownFileType = sourcecode.swift; path = LoginViewModel.swift; sourceTree = "<group>"; };
		CB6952F72A1BDB3E003D494C /* RegisterViewModel.swift */ = {isa = PBXFileReference; lastKnownFileType = sourcecode.swift; path = RegisterViewModel.swift; sourceTree = "<group>"; };
		CB6952F92A1BDB62003D494C /* ContentViewModel.swift */ = {isa = PBXFileReference; lastKnownFileType = sourcecode.swift; path = ContentViewModel.swift; sourceTree = "<group>"; };
		CB6952FB2A1BDB8B003D494C /* NewsFeedViewModel.swift */ = {isa = PBXFileReference; lastKnownFileType = sourcecode.swift; path = NewsFeedViewModel.swift; sourceTree = "<group>"; };
		CB6952FD2A1BDBA7003D494C /* ArticleViewModel.swift */ = {isa = PBXFileReference; lastKnownFileType = sourcecode.swift; path = ArticleViewModel.swift; sourceTree = "<group>"; };
		CB6952FF2A1BDBE8003D494C /* AddArticleViewModel.swift */ = {isa = PBXFileReference; lastKnownFileType = sourcecode.swift; path = AddArticleViewModel.swift; sourceTree = "<group>"; };
		CB6953012A1BDC06003D494C /* MapViewModel.swift */ = {isa = PBXFileReference; lastKnownFileType = sourcecode.swift; path = MapViewModel.swift; sourceTree = "<group>"; };
		CB6953042A1BDC5C003D494C /* LoginView.swift */ = {isa = PBXFileReference; lastKnownFileType = sourcecode.swift; path = LoginView.swift; sourceTree = "<group>"; wrapsLines = 1; };
		CB69530A2A1BDCCE003D494C /* NewsFeedView.swift */ = {isa = PBXFileReference; lastKnownFileType = sourcecode.swift; path = NewsFeedView.swift; sourceTree = "<group>"; };
		CB69530C2A1BDCF0003D494C /* ArticleView.swift */ = {isa = PBXFileReference; lastKnownFileType = sourcecode.swift; path = ArticleView.swift; sourceTree = "<group>"; };
		CB69530E2A1BDD10003D494C /* AddArticleView.swift */ = {isa = PBXFileReference; lastKnownFileType = sourcecode.swift; path = AddArticleView.swift; sourceTree = "<group>"; };
		CB6953102A1BDD29003D494C /* AdminView.swift */ = {isa = PBXFileReference; lastKnownFileType = sourcecode.swift; path = AdminView.swift; sourceTree = "<group>"; };
		CB6953122A1BDD48003D494C /* MapView.swift */ = {isa = PBXFileReference; lastKnownFileType = sourcecode.swift; path = MapView.swift; sourceTree = "<group>"; };
		CB6953152A1BDD8F003D494C /* NAButton.swift */ = {isa = PBXFileReference; lastKnownFileType = sourcecode.swift; path = NAButton.swift; sourceTree = "<group>"; };
		CB7AAA212A1BDEF40003CB48 /* Extensions.swift */ = {isa = PBXFileReference; lastKnownFileType = sourcecode.swift; path = Extensions.swift; sourceTree = "<group>"; };
		CBE65EDE2A1E15FE003570E1 /* RegisterView.swift */ = {isa = PBXFileReference; lastKnownFileType = sourcecode.swift; path = RegisterView.swift; sourceTree = "<group>"; };
		CBE65EE22A1E190E003570E1 /* GoogleService-Info.plist */ = {isa = PBXFileReference; fileEncoding = 4; lastKnownFileType = text.plist.xml; path = "GoogleService-Info.plist"; sourceTree = "<group>"; };
		CBE65EE62A24E546003570E1 /* Info.plist */ = {isa = PBXFileReference; lastKnownFileType = text.plist; path = Info.plist; sourceTree = "<group>"; };
		CBE65EE82A24E92A003570E1 /* Font-heading.ttf */ = {isa = PBXFileReference; lastKnownFileType = file; path = "Font-heading.ttf"; sourceTree = "<group>"; };
		CBE65EE92A24E9F7003570E1 /* AoboshiOne-Regular.ttf */ = {isa = PBXFileReference; lastKnownFileType = file; path = "AoboshiOne-Regular.ttf"; sourceTree = "<group>"; };
		CBE65EED2A24EDD8003570E1 /* BebasNeue-Regular.ttf */ = {isa = PBXFileReference; lastKnownFileType = file; path = "BebasNeue-Regular.ttf"; sourceTree = "<group>"; };
		CBE65EEF2A24EECF003570E1 /* CrimsonText-Regular.ttf */ = {isa = PBXFileReference; lastKnownFileType = file; path = "CrimsonText-Regular.ttf"; sourceTree = "<group>"; };
		CBE65EF42A288A67003570E1 /* AbrilFatface-Regular.ttf */ = {isa = PBXFileReference; lastKnownFileType = file; path = "AbrilFatface-Regular.ttf"; sourceTree = "<group>"; };
		CBE65EF62A289820003570E1 /* DMSerifDisplay-Regular.ttf */ = {isa = PBXFileReference; lastKnownFileType = file; path = "DMSerifDisplay-Regular.ttf"; sourceTree = "<group>"; };
/* End PBXFileReference section */

/* Begin PBXFrameworksBuildPhase section */
		CB6952B82A1BD9E3003D494C /* Frameworks */ = {
			isa = PBXFrameworksBuildPhase;
			buildActionMask = 2147483647;
			files = (
				31E5C94B2A27919100011406 /* Kingfisher in Frameworks */,
				CB7AAA262A1BE3950003CB48 /* FirebaseAuth in Frameworks */,
				3309C22B2A23D0100036B1C6 /* FirebaseStorage in Frameworks */,
				CB7AAA282A1BE3950003CB48 /* FirebaseFirestore in Frameworks */,
				CB7AAA2A2A1BE3950003CB48 /* FirebaseFirestoreSwift in Frameworks */,
				338283E32A277710002F4462 /* Kingfisher in Frameworks */,
			);
			runOnlyForDeploymentPostprocessing = 0;
		};
		CB6952C82A1BD9E4003D494C /* Frameworks */ = {
			isa = PBXFrameworksBuildPhase;
			buildActionMask = 2147483647;
			files = (
			);
			runOnlyForDeploymentPostprocessing = 0;
		};
		CB6952D22A1BD9E4003D494C /* Frameworks */ = {
			isa = PBXFrameworksBuildPhase;
			buildActionMask = 2147483647;
			files = (
			);
			runOnlyForDeploymentPostprocessing = 0;
		};
/* End PBXFrameworksBuildPhase section */

/* Begin PBXGroup section */
		3309C2292A23D0100036B1C6 /* Frameworks */ = {
			isa = PBXGroup;
			children = (
				3334D8092A276D9600871FB3 /* Kingfisher-master */,
			);
			name = Frameworks;
			sourceTree = "<group>";
		};
		3334D80A2A276DDC00871FB3 /* Packages */ = {
			isa = PBXGroup;
			children = (
			);
			name = Packages;
			sourceTree = "<group>";
		};
		CB6952B22A1BD9E3003D494C = {
			isa = PBXGroup;
			children = (
				3334D80A2A276DDC00871FB3 /* Packages */,
				CB6952BD2A1BD9E3003D494C /* NewsCatch */,
				CB6952CE2A1BD9E4003D494C /* NewsCatchTests */,
				CB6952D82A1BD9E4003D494C /* NewsCatchUITests */,
				CB6952BC2A1BD9E3003D494C /* Products */,
				3309C2292A23D0100036B1C6 /* Frameworks */,
			);
			sourceTree = "<group>";
		};
		CB6952BC2A1BD9E3003D494C /* Products */ = {
			isa = PBXGroup;
			children = (
				CB6952BB2A1BD9E3003D494C /* NewsCatch.app */,
				CB6952CB2A1BD9E4003D494C /* NewsCatchTests.xctest */,
				CB6952D52A1BD9E4003D494C /* NewsCatchUITests.xctest */,
			);
			name = Products;
			sourceTree = "<group>";
		};
		CB6952BD2A1BD9E3003D494C /* NewsCatch */ = {
			isa = PBXGroup;
			children = (
				CBE65EEB2A24EBC0003570E1 /* Fonts */,
				CBE65EE22A1E190E003570E1 /* GoogleService-Info.plist */,
				CB6953032A1BDC35003D494C /* Views */,
				CB6952F42A1BDAFA003D494C /* ViewModels */,
				CB6952EB2A1BDA4B003D494C /* Models */,
				CB6952E82A1BDA16003D494C /* Other */,
				CB6952BE2A1BD9E3003D494C /* NewsCatchApp.swift */,
				CB6952C22A1BD9E4003D494C /* Assets.xcassets */,
				CB6952C42A1BD9E4003D494C /* Preview Content */,
			);
			path = NewsCatch;
			sourceTree = "<group>";
		};
		CB6952C42A1BD9E4003D494C /* Preview Content */ = {
			isa = PBXGroup;
			children = (
				CB6952C52A1BD9E4003D494C /* Preview Assets.xcassets */,
			);
			path = "Preview Content";
			sourceTree = "<group>";
		};
		CB6952CE2A1BD9E4003D494C /* NewsCatchTests */ = {
			isa = PBXGroup;
			children = (
				CB6952CF2A1BD9E4003D494C /* NewsCatchTests.swift */,
			);
			path = NewsCatchTests;
			sourceTree = "<group>";
		};
		CB6952D82A1BD9E4003D494C /* NewsCatchUITests */ = {
			isa = PBXGroup;
			children = (
				CBE65EE62A24E546003570E1 /* Info.plist */,
				CB6952D92A1BD9E4003D494C /* NewsCatchUITests.swift */,
				CB6952DB2A1BD9E4003D494C /* NewsCatchUITestsLaunchTests.swift */,
			);
			path = NewsCatchUITests;
			sourceTree = "<group>";
		};
		CB6952E82A1BDA16003D494C /* Other */ = {
			isa = PBXGroup;
			children = (
				CB7AAA212A1BDEF40003CB48 /* Extensions.swift */,
			);
			path = Other;
			sourceTree = "<group>";
		};
		CB6952EB2A1BDA4B003D494C /* Models */ = {
			isa = PBXGroup;
			children = (
				CB6952EC2A1BDA68003D494C /* User.swift */,
				CB6952EE2A1BDA81003D494C /* Article.swift */,
				CB6952F02A1BDAA4003D494C /* ArticleLists.swift */,
				CB6952F22A1BDADE003D494C /* Location.swift */,
				7772FAB02A1FAA41000EC50D /* Category.swift */,
			);
			path = Models;
			sourceTree = "<group>";
		};
		CB6952F42A1BDAFA003D494C /* ViewModels */ = {
			isa = PBXGroup;
			children = (
				CB6952F52A1BDB1D003D494C /* LoginViewModel.swift */,
				CB6952F72A1BDB3E003D494C /* RegisterViewModel.swift */,
				CB6952F92A1BDB62003D494C /* ContentViewModel.swift */,
				CB6952FB2A1BDB8B003D494C /* NewsFeedViewModel.swift */,
				CB6952FD2A1BDBA7003D494C /* ArticleViewModel.swift */,
				CB6952FF2A1BDBE8003D494C /* AddArticleViewModel.swift */,
				CB6953012A1BDC06003D494C /* MapViewModel.swift */,
				5C64124F2A1E1EEC00DFCB62 /* AmusementViewModel.swift */,
				5C6412512A1E1F5800DFCB62 /* ForeignViewModel.swift */,
				5C6412532A1E1F9E00DFCB62 /* SportsViewModel.swift */,
				3334D8052A276D0200871FB3 /* ArticleImageViewModel.swift */,
				338283E02A2771A7002F4462 /* ImagePickerModel.swift */,
				77FCAE582A28065000852912 /* WriterArticlesViewModel.swift */,
				5C90CC2B2A28BCF1006E34B4 /* MyArticlesViewModel.swift */,
				5C90CC2D2A28C722006E34B4 /* MyFavouriteAuthorsViewModel.swift */,
				5C90CC312A28CBDA006E34B4 /* MyFavouriteArticlesViewModel.swift */,
			);
			path = ViewModels;
			sourceTree = "<group>";
		};
		CB6953032A1BDC35003D494C /* Views */ = {
			isa = PBXGroup;
			children = (
				CB6953142A1BDD6C003D494C /* Components */,
				CB6952C02A1BD9E3003D494C /* ContentView.swift */,
				CB6953042A1BDC5C003D494C /* LoginView.swift */,
				CBE65EDE2A1E15FE003570E1 /* RegisterView.swift */,
				CB69530A2A1BDCCE003D494C /* NewsFeedView.swift */,
				CB69530C2A1BDCF0003D494C /* ArticleView.swift */,
				CB69530E2A1BDD10003D494C /* AddArticleView.swift */,
				CB6953102A1BDD29003D494C /* AdminView.swift */,
				CB6953122A1BDD48003D494C /* MapView.swift */,
				5C6412492A1E1E3000DFCB62 /* SportsView.swift */,
				5C64124B2A1E1E6200DFCB62 /* ForeignView.swift */,
				5C64124D2A1E1E7900DFCB62 /* AmusementView.swift */,
				31E5C9472A266A1B00011406 /* SavedArticlesView.swift */,
				3334D8072A276D2600871FB3 /* ArticleImageView.swift */,
				77FCAE562A2805A000852912 /* WriterArticlesView.swift */,
				5C90CC232A28B927006E34B4 /* ProfileView.swift */,
				5C90CC252A28BA8D006E34B4 /* MyArticlesView.swift */,
				5C90CC272A28BAC8006E34B4 /* MyFavouriteArticlesView.swift */,
				5C90CC292A28BAEF006E34B4 /* MyFavouriteAuthorsView.swift */,
				5C0FCE262A29AAB7008B1B04 /* ReminderView.swift */,
				31E5C94C2A2D37AF00011406 /* AdminStartView.swift */,
				31E5C94E2A2D3D3300011406 /* AdminDeleteArticles.swift */,
				3181D4EC2A2FB73B00A7BE74 /* WriterArticleContentView.swift */,
			);
			path = Views;
			sourceTree = "<group>";
		};
		CB6953142A1BDD6C003D494C /* Components */ = {
			isa = PBXGroup;
			children = (
				CB6953152A1BDD8F003D494C /* NAButton.swift */,
			);
			path = Components;
			sourceTree = "<group>";
		};
		CBE65EEB2A24EBC0003570E1 /* Fonts */ = {
			isa = PBXGroup;
			children = (
				CBE65EE82A24E92A003570E1 /* Font-heading.ttf */,
				CBE65EF62A289820003570E1 /* DMSerifDisplay-Regular.ttf */,
				CBE65EF42A288A67003570E1 /* AbrilFatface-Regular.ttf */,
				CBE65EEF2A24EECF003570E1 /* CrimsonText-Regular.ttf */,
				CBE65EED2A24EDD8003570E1 /* BebasNeue-Regular.ttf */,
				CBE65EE92A24E9F7003570E1 /* AoboshiOne-Regular.ttf */,
			);
			path = Fonts;
			sourceTree = "<group>";
		};
/* End PBXGroup section */

/* Begin PBXNativeTarget section */
		CB6952BA2A1BD9E3003D494C /* NewsCatch */ = {
			isa = PBXNativeTarget;
			buildConfigurationList = CB6952DF2A1BD9E4003D494C /* Build configuration list for PBXNativeTarget "NewsCatch" */;
			buildPhases = (
				CB6952B72A1BD9E3003D494C /* Sources */,
				CB6952B82A1BD9E3003D494C /* Frameworks */,
				CB6952B92A1BD9E3003D494C /* Resources */,
			);
			buildRules = (
			);
			dependencies = (
			);
			name = NewsCatch;
			packageProductDependencies = (
				CB7AAA252A1BE3950003CB48 /* FirebaseAuth */,
				CB7AAA272A1BE3950003CB48 /* FirebaseFirestore */,
				CB7AAA292A1BE3950003CB48 /* FirebaseFirestoreSwift */,
				3309C22A2A23D0100036B1C6 /* FirebaseStorage */,
				338283E22A277710002F4462 /* Kingfisher */,
				31E5C94A2A27919100011406 /* Kingfisher */,
			);
			productName = NewsCatch;
			productReference = CB6952BB2A1BD9E3003D494C /* NewsCatch.app */;
			productType = "com.apple.product-type.application";
		};
		CB6952CA2A1BD9E4003D494C /* NewsCatchTests */ = {
			isa = PBXNativeTarget;
			buildConfigurationList = CB6952E22A1BD9E4003D494C /* Build configuration list for PBXNativeTarget "NewsCatchTests" */;
			buildPhases = (
				CB6952C72A1BD9E4003D494C /* Sources */,
				CB6952C82A1BD9E4003D494C /* Frameworks */,
				CB6952C92A1BD9E4003D494C /* Resources */,
			);
			buildRules = (
			);
			dependencies = (
				CB6952CD2A1BD9E4003D494C /* PBXTargetDependency */,
			);
			name = NewsCatchTests;
			productName = NewsCatchTests;
			productReference = CB6952CB2A1BD9E4003D494C /* NewsCatchTests.xctest */;
			productType = "com.apple.product-type.bundle.unit-test";
		};
		CB6952D42A1BD9E4003D494C /* NewsCatchUITests */ = {
			isa = PBXNativeTarget;
			buildConfigurationList = CB6952E52A1BD9E4003D494C /* Build configuration list for PBXNativeTarget "NewsCatchUITests" */;
			buildPhases = (
				CB6952D12A1BD9E4003D494C /* Sources */,
				CB6952D22A1BD9E4003D494C /* Frameworks */,
				CB6952D32A1BD9E4003D494C /* Resources */,
			);
			buildRules = (
			);
			dependencies = (
				CB6952D72A1BD9E4003D494C /* PBXTargetDependency */,
			);
			name = NewsCatchUITests;
			productName = NewsCatchUITests;
			productReference = CB6952D52A1BD9E4003D494C /* NewsCatchUITests.xctest */;
			productType = "com.apple.product-type.bundle.ui-testing";
		};
/* End PBXNativeTarget section */

/* Begin PBXProject section */
		CB6952B32A1BD9E3003D494C /* Project object */ = {
			isa = PBXProject;
			attributes = {
				BuildIndependentTargetsInParallel = 1;
				LastSwiftUpdateCheck = 1420;
				LastUpgradeCheck = 1420;
				TargetAttributes = {
					CB6952BA2A1BD9E3003D494C = {
						CreatedOnToolsVersion = 14.2;
					};
					CB6952CA2A1BD9E4003D494C = {
						CreatedOnToolsVersion = 14.2;
						TestTargetID = CB6952BA2A1BD9E3003D494C;
					};
					CB6952D42A1BD9E4003D494C = {
						CreatedOnToolsVersion = 14.2;
						TestTargetID = CB6952BA2A1BD9E3003D494C;
					};
				};
			};
			buildConfigurationList = CB6952B62A1BD9E3003D494C /* Build configuration list for PBXProject "NewsCatch" */;
			compatibilityVersion = "Xcode 14.0";
			developmentRegion = en;
			hasScannedForEncodings = 0;
			knownRegions = (
				en,
				Base,
			);
			mainGroup = CB6952B22A1BD9E3003D494C;
			packageReferences = (
				CB7AAA242A1BE3950003CB48 /* XCRemoteSwiftPackageReference "firebase-ios-sdk" */,
				31E5C9492A27919100011406 /* XCRemoteSwiftPackageReference "Kingfisher" */,
			);
			productRefGroup = CB6952BC2A1BD9E3003D494C /* Products */;
			projectDirPath = "";
			projectRoot = "";
			targets = (
				CB6952BA2A1BD9E3003D494C /* NewsCatch */,
				CB6952CA2A1BD9E4003D494C /* NewsCatchTests */,
				CB6952D42A1BD9E4003D494C /* NewsCatchUITests */,
			);
		};
/* End PBXProject section */

/* Begin PBXResourcesBuildPhase section */
		CB6952B92A1BD9E3003D494C /* Resources */ = {
			isa = PBXResourcesBuildPhase;
			buildActionMask = 2147483647;
			files = (
				CBE65EF02A24EEDA003570E1 /* CrimsonText-Regular.ttf in Resources */,
				CBE65EEE2A24EE24003570E1 /* BebasNeue-Regular.ttf in Resources */,
				CBE65EF52A288A86003570E1 /* AbrilFatface-Regular.ttf in Resources */,
				CBE65EF72A289829003570E1 /* DMSerifDisplay-Regular.ttf in Resources */,
				CBE65EEA2A24EB5C003570E1 /* AoboshiOne-Regular.ttf in Resources */,
				CBE65EEC2A24ECB5003570E1 /* Font-heading.ttf in Resources */,
				CB6952C62A1BD9E4003D494C /* Preview Assets.xcassets in Resources */,
				CB6952C32A1BD9E4003D494C /* Assets.xcassets in Resources */,
				CBE65EE32A1E190E003570E1 /* GoogleService-Info.plist in Resources */,
			);
			runOnlyForDeploymentPostprocessing = 0;
		};
		CB6952C92A1BD9E4003D494C /* Resources */ = {
			isa = PBXResourcesBuildPhase;
			buildActionMask = 2147483647;
			files = (
			);
			runOnlyForDeploymentPostprocessing = 0;
		};
		CB6952D32A1BD9E4003D494C /* Resources */ = {
			isa = PBXResourcesBuildPhase;
			buildActionMask = 2147483647;
			files = (
			);
			runOnlyForDeploymentPostprocessing = 0;
		};
/* End PBXResourcesBuildPhase section */

/* Begin PBXSourcesBuildPhase section */
		CB6952B72A1BD9E3003D494C /* Sources */ = {
			isa = PBXSourcesBuildPhase;
			buildActionMask = 2147483647;
			files = (
				31E5C9482A266A1B00011406 /* SavedArticlesView.swift in Sources */,
				CB6952ED2A1BDA68003D494C /* User.swift in Sources */,
				5C64124A2A1E1E3000DFCB62 /* SportsView.swift in Sources */,
				5C6412502A1E1EEC00DFCB62 /* AmusementViewModel.swift in Sources */,
				CB6952C12A1BD9E3003D494C /* ContentView.swift in Sources */,
				CB6953132A1BDD48003D494C /* MapView.swift in Sources */,
				CB6952BF2A1BD9E3003D494C /* NewsCatchApp.swift in Sources */,
				5C6412522A1E1F5800DFCB62 /* ForeignViewModel.swift in Sources */,
				31E5C94F2A2D3D3300011406 /* AdminDeleteArticles.swift in Sources */,
				332B2AA92A2A04350010357F /* LoginView.swift in Sources */,
				5C90CC322A28CBDA006E34B4 /* MyFavouriteArticlesViewModel.swift in Sources */,
				5C0FCE272A29AAB8008B1B04 /* ReminderView.swift in Sources */,
				3334D8062A276D0200871FB3 /* ArticleImageViewModel.swift in Sources */,
				CB6952FC2A1BDB8B003D494C /* NewsFeedViewModel.swift in Sources */,
				CB6952FA2A1BDB62003D494C /* ContentViewModel.swift in Sources */,
				77FCAE592A28065000852912 /* WriterArticlesViewModel.swift in Sources */,
				5C64124C2A1E1E6200DFCB62 /* ForeignView.swift in Sources */,
				5C90CC2A2A28BAEF006E34B4 /* MyFavouriteAuthorsView.swift in Sources */,
				7772FAB12A1FAA41000EC50D /* Category.swift in Sources */,
				77FCAE572A2805A000852912 /* WriterArticlesView.swift in Sources */,
				CB69530F2A1BDD10003D494C /* AddArticleView.swift in Sources */,
				CB6953112A1BDD29003D494C /* AdminView.swift in Sources */,
				5C6412542A1E1F9E00DFCB62 /* SportsViewModel.swift in Sources */,
				CBE65EDF2A1E15FE003570E1 /* RegisterView.swift in Sources */,
				5C90CC2C2A28BCF1006E34B4 /* MyArticlesViewModel.swift in Sources */,
				CB6952F62A1BDB1D003D494C /* LoginViewModel.swift in Sources */,
				CB6952F12A1BDAA4003D494C /* ArticleLists.swift in Sources */,
				5C64124E2A1E1E7900DFCB62 /* AmusementView.swift in Sources */,
				338283E12A2771A7002F4462 /* ImagePickerModel.swift in Sources */,
				CB6952EF2A1BDA81003D494C /* Article.swift in Sources */,
				5C90CC282A28BAC8006E34B4 /* MyFavouriteArticlesView.swift in Sources */,
				5C90CC2E2A28C722006E34B4 /* MyFavouriteAuthorsViewModel.swift in Sources */,
				CB6952FE2A1BDBA7003D494C /* ArticleViewModel.swift in Sources */,
				CB6953002A1BDBE8003D494C /* AddArticleViewModel.swift in Sources */,
				5C90CC262A28BA8D006E34B4 /* MyArticlesView.swift in Sources */,
				CB6953022A1BDC06003D494C /* MapViewModel.swift in Sources */,
				5C90CC242A28B927006E34B4 /* ProfileView.swift in Sources */,
				CB6953162A1BDD8F003D494C /* NAButton.swift in Sources */,
				31E5C94D2A2D37AF00011406 /* AdminStartView.swift in Sources */,
				3334D8082A276D2600871FB3 /* ArticleImageView.swift in Sources */,
				3181D4ED2A2FB73B00A7BE74 /* WriterArticleContentView.swift in Sources */,
				CB7AAA222A1BDEF40003CB48 /* Extensions.swift in Sources */,
				CB69530D2A1BDCF0003D494C /* ArticleView.swift in Sources */,
				CB69530B2A1BDCCE003D494C /* NewsFeedView.swift in Sources */,
				CB6952F82A1BDB3E003D494C /* RegisterViewModel.swift in Sources */,
				CB6952F32A1BDADE003D494C /* Location.swift in Sources */,
			);
			runOnlyForDeploymentPostprocessing = 0;
		};
		CB6952C72A1BD9E4003D494C /* Sources */ = {
			isa = PBXSourcesBuildPhase;
			buildActionMask = 2147483647;
			files = (
				CB6952D02A1BD9E4003D494C /* NewsCatchTests.swift in Sources */,
			);
			runOnlyForDeploymentPostprocessing = 0;
		};
		CB6952D12A1BD9E4003D494C /* Sources */ = {
			isa = PBXSourcesBuildPhase;
			buildActionMask = 2147483647;
			files = (
				CB6952DA2A1BD9E4003D494C /* NewsCatchUITests.swift in Sources */,
				CB6952DC2A1BD9E4003D494C /* NewsCatchUITestsLaunchTests.swift in Sources */,
			);
			runOnlyForDeploymentPostprocessing = 0;
		};
/* End PBXSourcesBuildPhase section */

/* Begin PBXTargetDependency section */
		CB6952CD2A1BD9E4003D494C /* PBXTargetDependency */ = {
			isa = PBXTargetDependency;
			target = CB6952BA2A1BD9E3003D494C /* NewsCatch */;
			targetProxy = CB6952CC2A1BD9E4003D494C /* PBXContainerItemProxy */;
		};
		CB6952D72A1BD9E4003D494C /* PBXTargetDependency */ = {
			isa = PBXTargetDependency;
			target = CB6952BA2A1BD9E3003D494C /* NewsCatch */;
			targetProxy = CB6952D62A1BD9E4003D494C /* PBXContainerItemProxy */;
		};
/* End PBXTargetDependency section */

/* Begin XCBuildConfiguration section */
		CB6952DD2A1BD9E4003D494C /* Debug */ = {
			isa = XCBuildConfiguration;
			buildSettings = {
				ALWAYS_SEARCH_USER_PATHS = NO;
				CLANG_ANALYZER_NONNULL = YES;
				CLANG_ANALYZER_NUMBER_OBJECT_CONVERSION = YES_AGGRESSIVE;
				CLANG_CXX_LANGUAGE_STANDARD = "gnu++20";
				CLANG_ENABLE_MODULES = YES;
				CLANG_ENABLE_OBJC_ARC = YES;
				CLANG_ENABLE_OBJC_WEAK = YES;
				CLANG_WARN_BLOCK_CAPTURE_AUTORELEASING = YES;
				CLANG_WARN_BOOL_CONVERSION = YES;
				CLANG_WARN_COMMA = YES;
				CLANG_WARN_CONSTANT_CONVERSION = YES;
				CLANG_WARN_DEPRECATED_OBJC_IMPLEMENTATIONS = YES;
				CLANG_WARN_DIRECT_OBJC_ISA_USAGE = YES_ERROR;
				CLANG_WARN_DOCUMENTATION_COMMENTS = YES;
				CLANG_WARN_EMPTY_BODY = YES;
				CLANG_WARN_ENUM_CONVERSION = YES;
				CLANG_WARN_INFINITE_RECURSION = YES;
				CLANG_WARN_INT_CONVERSION = YES;
				CLANG_WARN_NON_LITERAL_NULL_CONVERSION = YES;
				CLANG_WARN_OBJC_IMPLICIT_RETAIN_SELF = YES;
				CLANG_WARN_OBJC_LITERAL_CONVERSION = YES;
				CLANG_WARN_OBJC_ROOT_CLASS = YES_ERROR;
				CLANG_WARN_QUOTED_INCLUDE_IN_FRAMEWORK_HEADER = YES;
				CLANG_WARN_RANGE_LOOP_ANALYSIS = YES;
				CLANG_WARN_STRICT_PROTOTYPES = YES;
				CLANG_WARN_SUSPICIOUS_MOVE = YES;
				CLANG_WARN_UNGUARDED_AVAILABILITY = YES_AGGRESSIVE;
				CLANG_WARN_UNREACHABLE_CODE = YES;
				CLANG_WARN__DUPLICATE_METHOD_MATCH = YES;
				COPY_PHASE_STRIP = NO;
				DEBUG_INFORMATION_FORMAT = dwarf;
				ENABLE_STRICT_OBJC_MSGSEND = YES;
				ENABLE_TESTABILITY = YES;
				GCC_C_LANGUAGE_STANDARD = gnu11;
				GCC_DYNAMIC_NO_PIC = NO;
				GCC_NO_COMMON_BLOCKS = YES;
				GCC_OPTIMIZATION_LEVEL = 0;
				GCC_PREPROCESSOR_DEFINITIONS = (
					"DEBUG=1",
					"$(inherited)",
				);
				GCC_WARN_64_TO_32_BIT_CONVERSION = YES;
				GCC_WARN_ABOUT_RETURN_TYPE = YES_ERROR;
				GCC_WARN_UNDECLARED_SELECTOR = YES;
				GCC_WARN_UNINITIALIZED_AUTOS = YES_AGGRESSIVE;
				GCC_WARN_UNUSED_FUNCTION = YES;
				GCC_WARN_UNUSED_VARIABLE = YES;
				IPHONEOS_DEPLOYMENT_TARGET = 16.2;
				MTL_ENABLE_DEBUG_INFO = INCLUDE_SOURCE;
				MTL_FAST_MATH = YES;
				ONLY_ACTIVE_ARCH = YES;
				SDKROOT = iphoneos;
				SWIFT_ACTIVE_COMPILATION_CONDITIONS = DEBUG;
				SWIFT_OPTIMIZATION_LEVEL = "-Onone";
			};
			name = Debug;
		};
		CB6952DE2A1BD9E4003D494C /* Release */ = {
			isa = XCBuildConfiguration;
			buildSettings = {
				ALWAYS_SEARCH_USER_PATHS = NO;
				CLANG_ANALYZER_NONNULL = YES;
				CLANG_ANALYZER_NUMBER_OBJECT_CONVERSION = YES_AGGRESSIVE;
				CLANG_CXX_LANGUAGE_STANDARD = "gnu++20";
				CLANG_ENABLE_MODULES = YES;
				CLANG_ENABLE_OBJC_ARC = YES;
				CLANG_ENABLE_OBJC_WEAK = YES;
				CLANG_WARN_BLOCK_CAPTURE_AUTORELEASING = YES;
				CLANG_WARN_BOOL_CONVERSION = YES;
				CLANG_WARN_COMMA = YES;
				CLANG_WARN_CONSTANT_CONVERSION = YES;
				CLANG_WARN_DEPRECATED_OBJC_IMPLEMENTATIONS = YES;
				CLANG_WARN_DIRECT_OBJC_ISA_USAGE = YES_ERROR;
				CLANG_WARN_DOCUMENTATION_COMMENTS = YES;
				CLANG_WARN_EMPTY_BODY = YES;
				CLANG_WARN_ENUM_CONVERSION = YES;
				CLANG_WARN_INFINITE_RECURSION = YES;
				CLANG_WARN_INT_CONVERSION = YES;
				CLANG_WARN_NON_LITERAL_NULL_CONVERSION = YES;
				CLANG_WARN_OBJC_IMPLICIT_RETAIN_SELF = YES;
				CLANG_WARN_OBJC_LITERAL_CONVERSION = YES;
				CLANG_WARN_OBJC_ROOT_CLASS = YES_ERROR;
				CLANG_WARN_QUOTED_INCLUDE_IN_FRAMEWORK_HEADER = YES;
				CLANG_WARN_RANGE_LOOP_ANALYSIS = YES;
				CLANG_WARN_STRICT_PROTOTYPES = YES;
				CLANG_WARN_SUSPICIOUS_MOVE = YES;
				CLANG_WARN_UNGUARDED_AVAILABILITY = YES_AGGRESSIVE;
				CLANG_WARN_UNREACHABLE_CODE = YES;
				CLANG_WARN__DUPLICATE_METHOD_MATCH = YES;
				COPY_PHASE_STRIP = NO;
				DEBUG_INFORMATION_FORMAT = "dwarf-with-dsym";
				ENABLE_NS_ASSERTIONS = NO;
				ENABLE_STRICT_OBJC_MSGSEND = YES;
				GCC_C_LANGUAGE_STANDARD = gnu11;
				GCC_NO_COMMON_BLOCKS = YES;
				GCC_WARN_64_TO_32_BIT_CONVERSION = YES;
				GCC_WARN_ABOUT_RETURN_TYPE = YES_ERROR;
				GCC_WARN_UNDECLARED_SELECTOR = YES;
				GCC_WARN_UNINITIALIZED_AUTOS = YES_AGGRESSIVE;
				GCC_WARN_UNUSED_FUNCTION = YES;
				GCC_WARN_UNUSED_VARIABLE = YES;
				IPHONEOS_DEPLOYMENT_TARGET = 16.2;
				MTL_ENABLE_DEBUG_INFO = NO;
				MTL_FAST_MATH = YES;
				SDKROOT = iphoneos;
				SWIFT_COMPILATION_MODE = wholemodule;
				SWIFT_OPTIMIZATION_LEVEL = "-O";
				VALIDATE_PRODUCT = YES;
			};
			name = Release;
		};
		CB6952E02A1BD9E4003D494C /* Debug */ = {
			isa = XCBuildConfiguration;
			buildSettings = {
				ASSETCATALOG_COMPILER_APPICON_NAME = AppIcon;
				ASSETCATALOG_COMPILER_GLOBAL_ACCENT_COLOR_NAME = AccentColor;
				CODE_SIGN_STYLE = Automatic;
				CURRENT_PROJECT_VERSION = 1;
				DEVELOPMENT_ASSET_PATHS = "\"NewsCatch/Preview Content\"";
				DEVELOPMENT_TEAM = 5A8L7XTFM2;
				ENABLE_PREVIEWS = YES;
				GENERATE_INFOPLIST_FILE = YES;
				INFOPLIST_FILE = NewsCatch/Info.plist;
				INFOPLIST_KEY_CFBundleDisplayName = "";
				INFOPLIST_KEY_LSApplicationCategoryType = "";
				INFOPLIST_KEY_NSHumanReadableCopyright = "";
				INFOPLIST_KEY_UIApplicationSceneManifest_Generation = YES;
				INFOPLIST_KEY_UIApplicationSupportsIndirectInputEvents = YES;
				INFOPLIST_KEY_UILaunchScreen_Generation = YES;
				INFOPLIST_KEY_UISupportedInterfaceOrientations_iPad = "UIInterfaceOrientationPortrait UIInterfaceOrientationPortraitUpsideDown UIInterfaceOrientationLandscapeLeft UIInterfaceOrientationLandscapeRight";
				INFOPLIST_KEY_UISupportedInterfaceOrientations_iPhone = "UIInterfaceOrientationPortrait UIInterfaceOrientationLandscapeLeft UIInterfaceOrientationLandscapeRight";
				LD_RUNPATH_SEARCH_PATHS = (
					"$(inherited)",
					"@executable_path/Frameworks",
				);
				MARKETING_VERSION = 1.0;
				PRODUCT_BUNDLE_IDENTIFIER = com.example.salmberg.NewsCatch;
				PRODUCT_NAME = "$(TARGET_NAME)";
				SWIFT_EMIT_LOC_STRINGS = YES;
				SWIFT_VERSION = 5.0;
				TARGETED_DEVICE_FAMILY = "1,2";
			};
			name = Debug;
		};
		CB6952E12A1BD9E4003D494C /* Release */ = {
			isa = XCBuildConfiguration;
			buildSettings = {
				ASSETCATALOG_COMPILER_APPICON_NAME = AppIcon;
				ASSETCATALOG_COMPILER_GLOBAL_ACCENT_COLOR_NAME = AccentColor;
				CODE_SIGN_STYLE = Automatic;
				CURRENT_PROJECT_VERSION = 1;
				DEVELOPMENT_ASSET_PATHS = "\"NewsCatch/Preview Content\"";
				DEVELOPMENT_TEAM = 5A8L7XTFM2;
				ENABLE_PREVIEWS = YES;
				GENERATE_INFOPLIST_FILE = YES;
				INFOPLIST_FILE = NewsCatch/Info.plist;
				INFOPLIST_KEY_CFBundleDisplayName = "";
				INFOPLIST_KEY_LSApplicationCategoryType = "";
				INFOPLIST_KEY_NSHumanReadableCopyright = "";
				INFOPLIST_KEY_UIApplicationSceneManifest_Generation = YES;
				INFOPLIST_KEY_UIApplicationSupportsIndirectInputEvents = YES;
				INFOPLIST_KEY_UILaunchScreen_Generation = YES;
				INFOPLIST_KEY_UISupportedInterfaceOrientations_iPad = "UIInterfaceOrientationPortrait UIInterfaceOrientationPortraitUpsideDown UIInterfaceOrientationLandscapeLeft UIInterfaceOrientationLandscapeRight";
				INFOPLIST_KEY_UISupportedInterfaceOrientations_iPhone = "UIInterfaceOrientationPortrait UIInterfaceOrientationLandscapeLeft UIInterfaceOrientationLandscapeRight";
				LD_RUNPATH_SEARCH_PATHS = (
					"$(inherited)",
					"@executable_path/Frameworks",
				);
				MARKETING_VERSION = 1.0;
				PRODUCT_BUNDLE_IDENTIFIER = com.example.salmberg.NewsCatch;
				PRODUCT_NAME = "$(TARGET_NAME)";
				SWIFT_EMIT_LOC_STRINGS = YES;
				SWIFT_VERSION = 5.0;
				TARGETED_DEVICE_FAMILY = "1,2";
			};
			name = Release;
		};
		CB6952E32A1BD9E4003D494C /* Debug */ = {
			isa = XCBuildConfiguration;
			buildSettings = {
				ALWAYS_EMBED_SWIFT_STANDARD_LIBRARIES = YES;
				BUNDLE_LOADER = "$(TEST_HOST)";
				CODE_SIGN_STYLE = Automatic;
				CURRENT_PROJECT_VERSION = 1;
				DEVELOPMENT_TEAM = 5A8L7XTFM2;
				GENERATE_INFOPLIST_FILE = YES;
				IPHONEOS_DEPLOYMENT_TARGET = 16.2;
				MARKETING_VERSION = 1.0;
				PRODUCT_BUNDLE_IDENTIFIER = com.example.salmberg.NewsCatchTests;
				PRODUCT_NAME = "$(TARGET_NAME)";
				SWIFT_EMIT_LOC_STRINGS = NO;
				SWIFT_VERSION = 5.0;
				TARGETED_DEVICE_FAMILY = "1,2";
				TEST_HOST = "$(BUILT_PRODUCTS_DIR)/NewsCatch.app/$(BUNDLE_EXECUTABLE_FOLDER_PATH)/NewsCatch";
			};
			name = Debug;
		};
		CB6952E42A1BD9E4003D494C /* Release */ = {
			isa = XCBuildConfiguration;
			buildSettings = {
				ALWAYS_EMBED_SWIFT_STANDARD_LIBRARIES = YES;
				BUNDLE_LOADER = "$(TEST_HOST)";
				CODE_SIGN_STYLE = Automatic;
				CURRENT_PROJECT_VERSION = 1;
				DEVELOPMENT_TEAM = 5A8L7XTFM2;
				GENERATE_INFOPLIST_FILE = YES;
				IPHONEOS_DEPLOYMENT_TARGET = 16.2;
				MARKETING_VERSION = 1.0;
				PRODUCT_BUNDLE_IDENTIFIER = com.example.salmberg.NewsCatchTests;
				PRODUCT_NAME = "$(TARGET_NAME)";
				SWIFT_EMIT_LOC_STRINGS = NO;
				SWIFT_VERSION = 5.0;
				TARGETED_DEVICE_FAMILY = "1,2";
				TEST_HOST = "$(BUILT_PRODUCTS_DIR)/NewsCatch.app/$(BUNDLE_EXECUTABLE_FOLDER_PATH)/NewsCatch";
			};
			name = Release;
		};
		CB6952E62A1BD9E4003D494C /* Debug */ = {
			isa = XCBuildConfiguration;
			buildSettings = {
				ALWAYS_EMBED_SWIFT_STANDARD_LIBRARIES = YES;
				CODE_SIGN_STYLE = Automatic;
				CURRENT_PROJECT_VERSION = 1;
				DEVELOPMENT_TEAM = 5A8L7XTFM2;
				GENERATE_INFOPLIST_FILE = YES;
				INFOPLIST_FILE = NewsCatchUITests/Info.plist;
				MARKETING_VERSION = 1.0;
				PRODUCT_BUNDLE_IDENTIFIER = com.example.salmberg.NewsCatchUITests;
				PRODUCT_NAME = "$(TARGET_NAME)";
				SWIFT_EMIT_LOC_STRINGS = NO;
				SWIFT_VERSION = 5.0;
				TARGETED_DEVICE_FAMILY = "1,2";
				TEST_TARGET_NAME = NewsCatch;
			};
			name = Debug;
		};
		CB6952E72A1BD9E4003D494C /* Release */ = {
			isa = XCBuildConfiguration;
			buildSettings = {
				ALWAYS_EMBED_SWIFT_STANDARD_LIBRARIES = YES;
				CODE_SIGN_STYLE = Automatic;
				CURRENT_PROJECT_VERSION = 1;
				DEVELOPMENT_TEAM = 5A8L7XTFM2;
				GENERATE_INFOPLIST_FILE = YES;
				INFOPLIST_FILE = NewsCatchUITests/Info.plist;
				MARKETING_VERSION = 1.0;
				PRODUCT_BUNDLE_IDENTIFIER = com.example.salmberg.NewsCatchUITests;
				PRODUCT_NAME = "$(TARGET_NAME)";
				SWIFT_EMIT_LOC_STRINGS = NO;
				SWIFT_VERSION = 5.0;
				TARGETED_DEVICE_FAMILY = "1,2";
				TEST_TARGET_NAME = NewsCatch;
			};
			name = Release;
		};
/* End XCBuildConfiguration section */

/* Begin XCConfigurationList section */
		CB6952B62A1BD9E3003D494C /* Build configuration list for PBXProject "NewsCatch" */ = {
			isa = XCConfigurationList;
			buildConfigurations = (
				CB6952DD2A1BD9E4003D494C /* Debug */,
				CB6952DE2A1BD9E4003D494C /* Release */,
			);
			defaultConfigurationIsVisible = 0;
			defaultConfigurationName = Release;
		};
		CB6952DF2A1BD9E4003D494C /* Build configuration list for PBXNativeTarget "NewsCatch" */ = {
			isa = XCConfigurationList;
			buildConfigurations = (
				CB6952E02A1BD9E4003D494C /* Debug */,
				CB6952E12A1BD9E4003D494C /* Release */,
			);
			defaultConfigurationIsVisible = 0;
			defaultConfigurationName = Release;
		};
		CB6952E22A1BD9E4003D494C /* Build configuration list for PBXNativeTarget "NewsCatchTests" */ = {
			isa = XCConfigurationList;
			buildConfigurations = (
				CB6952E32A1BD9E4003D494C /* Debug */,
				CB6952E42A1BD9E4003D494C /* Release */,
			);
			defaultConfigurationIsVisible = 0;
			defaultConfigurationName = Release;
		};
		CB6952E52A1BD9E4003D494C /* Build configuration list for PBXNativeTarget "NewsCatchUITests" */ = {
			isa = XCConfigurationList;
			buildConfigurations = (
				CB6952E62A1BD9E4003D494C /* Debug */,
				CB6952E72A1BD9E4003D494C /* Release */,
			);
			defaultConfigurationIsVisible = 0;
			defaultConfigurationName = Release;
		};
/* End XCConfigurationList section */

/* Begin XCRemoteSwiftPackageReference section */
		31E5C9492A27919100011406 /* XCRemoteSwiftPackageReference "Kingfisher" */ = {
			isa = XCRemoteSwiftPackageReference;
			repositoryURL = "https://github.com/onevcat/Kingfisher.git";
			requirement = {
				kind = upToNextMajorVersion;
				minimumVersion = 7.0.0;
			};
		};
		CB7AAA242A1BE3950003CB48 /* XCRemoteSwiftPackageReference "firebase-ios-sdk" */ = {
			isa = XCRemoteSwiftPackageReference;
			repositoryURL = "https://github.com/firebase/firebase-ios-sdk.git";
			requirement = {
				kind = upToNextMajorVersion;
				minimumVersion = 10.0.0;
			};
		};
/* End XCRemoteSwiftPackageReference section */

/* Begin XCSwiftPackageProductDependency section */
		31E5C94A2A27919100011406 /* Kingfisher */ = {
			isa = XCSwiftPackageProductDependency;
			package = 31E5C9492A27919100011406 /* XCRemoteSwiftPackageReference "Kingfisher" */;
			productName = Kingfisher;
		};
		3309C22A2A23D0100036B1C6 /* FirebaseStorage */ = {
			isa = XCSwiftPackageProductDependency;
			package = CB7AAA242A1BE3950003CB48 /* XCRemoteSwiftPackageReference "firebase-ios-sdk" */;
			productName = FirebaseStorage;
		};
		338283E22A277710002F4462 /* Kingfisher */ = {
			isa = XCSwiftPackageProductDependency;
			productName = Kingfisher;
		};
		CB7AAA252A1BE3950003CB48 /* FirebaseAuth */ = {
			isa = XCSwiftPackageProductDependency;
			package = CB7AAA242A1BE3950003CB48 /* XCRemoteSwiftPackageReference "firebase-ios-sdk" */;
			productName = FirebaseAuth;
		};
		CB7AAA272A1BE3950003CB48 /* FirebaseFirestore */ = {
			isa = XCSwiftPackageProductDependency;
			package = CB7AAA242A1BE3950003CB48 /* XCRemoteSwiftPackageReference "firebase-ios-sdk" */;
			productName = FirebaseFirestore;
		};
		CB7AAA292A1BE3950003CB48 /* FirebaseFirestoreSwift */ = {
			isa = XCSwiftPackageProductDependency;
			package = CB7AAA242A1BE3950003CB48 /* XCRemoteSwiftPackageReference "firebase-ios-sdk" */;
			productName = FirebaseFirestoreSwift;
		};
/* End XCSwiftPackageProductDependency section */
	};
	rootObject = CB6952B32A1BD9E3003D494C /* Project object */;
}
